
Microsoft Visual Studio Solution File, Format Version 12.00
# Visual Studio Version 17
VisualStudioVersion = 17.7.34024.191
MinimumVisualStudioVersion = 10.0.40219.1
Project("{FAE04EC0-301F-11D3-BF4B-00C04F79EFBC}") = "formularz1", "formularz1\formularz1.csproj", "{137A73ED-2B5A-447A-BDED-7294663ACE81}"
EndProject
Global
	GlobalSection(SolutionConfigurationPlatforms) = preSolution
		Debug|Any CPU = Debug|Any CPU
		Release|Any CPU = Release|Any CPU
	EndGlobalSection
	GlobalSection(ProjectConfigurationPlatforms) = postSolution
		{137A73ED-2B5A-447A-BDED-7294663ACE81}.Debug|Any CPU.ActiveCfg = Debug|Any CPU
		{137A73ED-2B5A-447A-BDED-7294663ACE81}.Debug|Any CPU.Build.0 = Debug|Any CPU
		{137A73ED-2B5A-447A-BDED-7294663ACE81}.Debug|Any CPU.Deploy.0 = Debug|Any CPU
		{137A73ED-2B5A-447A-BDED-7294663ACE81}.Release|Any CPU.ActiveCfg = Release|Any CPU
		{137A73ED-2B5A-447A-BDED-7294663ACE81}.Release|Any CPU.Build.0 = Release|Any CPU
		{137A73ED-2B5A-447A-BDED-7294663ACE81}.Release|Any CPU.Deploy.0 = Release|Any CPU
	EndGlobalSection
	GlobalSection(SolutionProperties) = preSolution
		HideSolutionNode = FALSE
	EndGlobalSection
	GlobalSection(ExtensibilityGlobals) = postSolution
		SolutionGuid = {016D820C-9064-4BEA-BE43-4655B8DC087F}
	EndGlobalSection
EndGlobal
